
Microsoft Visual Studio Solution File, Format Version 12.00
# Visual Studio 15
Project("{FAE04EC0-301F-11D3-BF4B-00C04F79EFBC}") = "Assembly-CSharp", "Assembly-CSharp.csproj", "{64687147-3958-5B87-682F-3223A23CCC56}"
EndProject
Project("{FAE04EC0-301F-11D3-BF4B-00C04F79EFBC}") = "Assembly-CSharp-Editor", "Assembly-CSharp-Editor.csproj", "{82C47821-A52E-D884-1743-3D649B94571C}"
EndProject
Global
	GlobalSection(SolutionConfigurationPlatforms) = preSolution
		Debug|Any CPU = Debug|Any CPU
		Release|Any CPU = Release|Any CPU
	EndGlobalSection
	GlobalSection(ProjectConfigurationPlatforms) = postSolution
		{64687147-3958-5B87-682F-3223A23CCC56}.Debug|Any CPU.ActiveCfg = Debug|Any CPU
		{64687147-3958-5B87-682F-3223A23CCC56}.Debug|Any CPU.Build.0 = Debug|Any CPU
		{64687147-3958-5B87-682F-3223A23CCC56}.Release|Any CPU.ActiveCfg = Release|Any CPU
		{64687147-3958-5B87-682F-3223A23CCC56}.Release|Any CPU.Build.0 = Release|Any CPU
		{82C47821-A52E-D884-1743-3D649B94571C}.Debug|Any CPU.ActiveCfg = Debug|Any CPU
		{82C47821-A52E-D884-1743-3D649B94571C}.Debug|Any CPU.Build.0 = Debug|Any CPU
		{82C47821-A52E-D884-1743-3D649B94571C}.Release|Any CPU.ActiveCfg = Release|Any CPU
		{82C47821-A52E-D884-1743-3D649B94571C}.Release|Any CPU.Build.0 = Release|Any CPU
	EndGlobalSection
	GlobalSection(SolutionProperties) = preSolution
		HideSolutionNode = FALSE
	EndGlobalSection
EndGlobal
